// !$*UTF8*$!
{
	archiveVersion = 1;
	classes = {
	};
	objectVersion = 46;
	objects = {

/* Begin PBXBuildFile section */
		2F079A551DBCE82D00F49CE3 /* Colfax-Black.otf in Resources */ = {isa = PBXBuildFile; fileRef = 2F079A491DBCE82D00F49CE3 /* Colfax-Black.otf */; };
		2F079A561DBCE82D00F49CE3 /* Colfax-BlackItalic.otf in Resources */ = {isa = PBXBuildFile; fileRef = 2F079A4A1DBCE82D00F49CE3 /* Colfax-BlackItalic.otf */; };
		2F079A571DBCE82D00F49CE3 /* Colfax-Bold.otf in Resources */ = {isa = PBXBuildFile; fileRef = 2F079A4B1DBCE82D00F49CE3 /* Colfax-Bold.otf */; };
		2F079A581DBCE82D00F49CE3 /* Colfax-BoldItalic.otf in Resources */ = {isa = PBXBuildFile; fileRef = 2F079A4C1DBCE82D00F49CE3 /* Colfax-BoldItalic.otf */; };
		2F079A591DBCE82D00F49CE3 /* Colfax-Light.otf in Resources */ = {isa = PBXBuildFile; fileRef = 2F079A4D1DBCE82D00F49CE3 /* Colfax-Light.otf */; };
		2F079A5A1DBCE82D00F49CE3 /* Colfax-LightItalic.otf in Resources */ = {isa = PBXBuildFile; fileRef = 2F079A4E1DBCE82D00F49CE3 /* Colfax-LightItalic.otf */; };
		2F079A5B1DBCE82D00F49CE3 /* Colfax-Medium.otf in Resources */ = {isa = PBXBuildFile; fileRef = 2F079A4F1DBCE82D00F49CE3 /* Colfax-Medium.otf */; };
		2F079A5C1DBCE82D00F49CE3 /* Colfax-MediumItalic.otf in Resources */ = {isa = PBXBuildFile; fileRef = 2F079A501DBCE82D00F49CE3 /* Colfax-MediumItalic.otf */; };
		2F079A5D1DBCE82D00F49CE3 /* Colfax-Regular.otf in Resources */ = {isa = PBXBuildFile; fileRef = 2F079A511DBCE82D00F49CE3 /* Colfax-Regular.otf */; };
		2F079A5E1DBCE82D00F49CE3 /* Colfax-RegularItalic.otf in Resources */ = {isa = PBXBuildFile; fileRef = 2F079A521DBCE82D00F49CE3 /* Colfax-RegularItalic.otf */; };
		2F079A5F1DBCE82D00F49CE3 /* Colfax-Thin.otf in Resources */ = {isa = PBXBuildFile; fileRef = 2F079A531DBCE82D00F49CE3 /* Colfax-Thin.otf */; };
		2F079A601DBCE82D00F49CE3 /* Colfax-ThinItalic.otf in Resources */ = {isa = PBXBuildFile; fileRef = 2F079A541DBCE82D00F49CE3 /* Colfax-ThinItalic.otf */; };
		2F079A641DBCF10D00F49CE3 /* PulleyPassthroughScrollView.swift in Sources */ = {isa = PBXBuildFile; fileRef = 2F079A621DBCF10D00F49CE3 /* PulleyPassthroughScrollView.swift */; };
		2F079A651DBCF10D00F49CE3 /* PulleyViewController.swift in Sources */ = {isa = PBXBuildFile; fileRef = 2F079A631DBCF10D00F49CE3 /* PulleyViewController.swift */; };
		2F3676091D986D10002A5B4A /* MenuViewController.swift in Sources */ = {isa = PBXBuildFile; fileRef = 2F3676081D986D10002A5B4A /* MenuViewController.swift */; };
		2F8B465C1DC9625E00A6A0C0 /* KCTError.swift in Sources */ = {isa = PBXBuildFile; fileRef = 2F8B465A1DC9625E00A6A0C0 /* KCTError.swift */; };
		2F8B465D1DC9625E00A6A0C0 /* Remote.swift in Sources */ = {isa = PBXBuildFile; fileRef = 2F8B465B1DC9625E00A6A0C0 /* Remote.swift */; };
		2F8B46611DC96CAF00A6A0C0 /* HeaderTableViewCell.swift in Sources */ = {isa = PBXBuildFile; fileRef = 2F8B465F1DC96CAF00A6A0C0 /* HeaderTableViewCell.swift */; };
		2F8B46621DC96CAF00A6A0C0 /* VideoTableViewCell.swift in Sources */ = {isa = PBXBuildFile; fileRef = 2F8B46601DC96CAF00A6A0C0 /* VideoTableViewCell.swift */; };
		2F8B46651DC96D1D00A6A0C0 /* Entities.swift in Sources */ = {isa = PBXBuildFile; fileRef = 2F8B46641DC96D1D00A6A0C0 /* Entities.swift */; };
		2F8B46751DC9709C00A6A0C0 /* GetTagsTests.swift in Sources */ = {isa = PBXBuildFile; fileRef = 2F8B46741DC9709C00A6A0C0 /* GetTagsTests.swift */; };
		2F8B46781DC9739900A6A0C0 /* getTagsValid.json in Resources */ = {isa = PBXBuildFile; fileRef = 2F8B46771DC9739900A6A0C0 /* getTagsValid.json */; };
		2F8B467A1DC9786700A6A0C0 /* getTagsValidEmpty.json in Resources */ = {isa = PBXBuildFile; fileRef = 2F8B46791DC9786700A6A0C0 /* getTagsValidEmpty.json */; };
		2F8B467C1DC97A2D00A6A0C0 /* getTagsNotJSON.html in Resources */ = {isa = PBXBuildFile; fileRef = 2F8B467B1DC97A2D00A6A0C0 /* getTagsNotJSON.html */; };
		2F8B467E1DC9900900A6A0C0 /* GetPageTests.swift in Sources */ = {isa = PBXBuildFile; fileRef = 2F8B467D1DC9900900A6A0C0 /* GetPageTests.swift */; };
		2F8B46821DC9912200A6A0C0 /* getPageNotJSON.html in Resources */ = {isa = PBXBuildFile; fileRef = 2F8B467F1DC9912200A6A0C0 /* getPageNotJSON.html */; };
		2F8B46831DC9912200A6A0C0 /* getPageValid.json in Resources */ = {isa = PBXBuildFile; fileRef = 2F8B46801DC9912200A6A0C0 /* getPageValid.json */; };
		2F8B46841DC9912200A6A0C0 /* getPageValidEmpty.json in Resources */ = {isa = PBXBuildFile; fileRef = 2F8B46811DC9912200A6A0C0 /* getPageValidEmpty.json */; };
		2F8C0E431D7FB6F4006D000F /* WebKit.framework in Frameworks */ = {isa = PBXBuildFile; fileRef = 2F8C0E421D7FB6F4006D000F /* WebKit.framework */; };
		2FC0825B1DC4195400E70585 /* LoginViewController.swift in Sources */ = {isa = PBXBuildFile; fileRef = 2FC0825A1DC4195400E70585 /* LoginViewController.swift */; };
		2FC0825D1DC420C900E70585 /* InterestsViewController.swift in Sources */ = {isa = PBXBuildFile; fileRef = 2FC0825C1DC420C900E70585 /* InterestsViewController.swift */; };
		2FC0825F1DC420D200E70585 /* LoadingViewController.swift in Sources */ = {isa = PBXBuildFile; fileRef = 2FC0825E1DC420D200E70585 /* LoadingViewController.swift */; };
		2FC4D4FC1DA1A90F00EF5CDD /* VideoPageViewController.swift in Sources */ = {isa = PBXBuildFile; fileRef = 2FC4D4FB1DA1A90F00EF5CDD /* VideoPageViewController.swift */; };
		2FE12CCA1D69405C00990A1D /* VideoTableViewController.swift in Sources */ = {isa = PBXBuildFile; fileRef = 2FE12CC91D69405C00990A1D /* VideoTableViewController.swift */; };
		2FF4F0C31DAF114E00E9832F /* Extensions.swift in Sources */ = {isa = PBXBuildFile; fileRef = 2FF4F0C21DAF114E00E9832F /* Extensions.swift */; };
		2FF4F0C51DB19EC400E9832F /* CategoryOverlayView.swift in Sources */ = {isa = PBXBuildFile; fileRef = 2FF4F0C41DB19EC400E9832F /* CategoryOverlayView.swift */; };
		5426D20C1CFF5E1C0043CEB9 /* defaultback.png in Resources */ = {isa = PBXBuildFile; fileRef = 5426D20B1CFF5E1C0043CEB9 /* defaultback.png */; };
		85594D77B3C94B40D9FA78A8 /* Pods_kllectTests.framework in Frameworks */ = {isa = PBXBuildFile; fileRef = 3C8EC92A27030C16604AA162 /* Pods_kllectTests.framework */; };
		C7497EC17DDC02D0C17F31AC /* Pods_kllect.framework in Frameworks */ = {isa = PBXBuildFile; fileRef = CB36E7A03C42AF5115188843 /* Pods_kllect.framework */; };
		E6E831971CF3519300AA5249 /* Main.storyboard in Resources */ = {isa = PBXBuildFile; fileRef = E6E831951CF3519300AA5249 /* Main.storyboard */; };
		E6E831991CF3519300AA5249 /* Assets.xcassets in Resources */ = {isa = PBXBuildFile; fileRef = E6E831981CF3519300AA5249 /* Assets.xcassets */; };
		E6E8319C1CF3519300AA5249 /* LaunchScreen.storyboard in Resources */ = {isa = PBXBuildFile; fileRef = E6E8319A1CF3519300AA5249 /* LaunchScreen.storyboard */; };
		E6E831E71CF352AF00AA5249 /* AppDelegate.swift in Sources */ = {isa = PBXBuildFile; fileRef = E6E831E61CF352AF00AA5249 /* AppDelegate.swift */; };
		E6E832081CF35AB000AA5249 /* NSString+SHYouTubeHelper.m in Sources */ = {isa = PBXBuildFile; fileRef = E6E832001CF35AB000AA5249 /* NSString+SHYouTubeHelper.m */; };
		E6E832091CF35AB000AA5249 /* NSURLRequest+SHYouTubeHelper.m in Sources */ = {isa = PBXBuildFile; fileRef = E6E832021CF35AB000AA5249 /* NSURLRequest+SHYouTubeHelper.m */; };
		E6E8320A1CF35AB000AA5249 /* SHYouTube.m in Sources */ = {isa = PBXBuildFile; fileRef = E6E832051CF35AB000AA5249 /* SHYouTube.m */; };
		E6E8320B1CF35AB000AA5249 /* SHYouTubeService.m in Sources */ = {isa = PBXBuildFile; fileRef = E6E832071CF35AB000AA5249 /* SHYouTubeService.m */; };
		E6E8320D1CF35AF300AA5249 /* UIKit.framework in Frameworks */ = {isa = PBXBuildFile; fileRef = E6E8320C1CF35AF300AA5249 /* UIKit.framework */; };
		E6E8320F1CF35AF800AA5249 /* Foundation.framework in Frameworks */ = {isa = PBXBuildFile; fileRef = E6E8320E1CF35AF800AA5249 /* Foundation.framework */; };
/* End PBXBuildFile section */

/* Begin PBXContainerItemProxy section */
		2F8B466F1DC96FCA00A6A0C0 /* PBXContainerItemProxy */ = {
			isa = PBXContainerItemProxy;
			containerPortal = E6E831861CF3519300AA5249 /* Project object */;
			proxyType = 1;
			remoteGlobalIDString = E6E8318D1CF3519300AA5249;
			remoteInfo = kllect;
		};
/* End PBXContainerItemProxy section */

/* Begin PBXFileReference section */
		0F00A9B4A283337DF04F56A6 /* Pods-kllectUITests.debug.xcconfig */ = {isa = PBXFileReference; includeInIndex = 1; lastKnownFileType = text.xcconfig; name = "Pods-kllectUITests.debug.xcconfig"; path = "Pods/Target Support Files/Pods-kllectUITests/Pods-kllectUITests.debug.xcconfig"; sourceTree = "<group>"; };
		1D849198C808C4AA129FC87D /* Pods-kllect.release.xcconfig */ = {isa = PBXFileReference; includeInIndex = 1; lastKnownFileType = text.xcconfig; name = "Pods-kllect.release.xcconfig"; path = "Pods/Target Support Files/Pods-kllect/Pods-kllect.release.xcconfig"; sourceTree = "<group>"; };
		299859D8F0F10E931780B1D2 /* Pods-kllectTests.release.xcconfig */ = {isa = PBXFileReference; includeInIndex = 1; lastKnownFileType = text.xcconfig; name = "Pods-kllectTests.release.xcconfig"; path = "Pods/Target Support Files/Pods-kllectTests/Pods-kllectTests.release.xcconfig"; sourceTree = "<group>"; };
		2F079A491DBCE82D00F49CE3 /* Colfax-Black.otf */ = {isa = PBXFileReference; lastKnownFileType = file; path = "Colfax-Black.otf"; sourceTree = "<group>"; };
		2F079A4A1DBCE82D00F49CE3 /* Colfax-BlackItalic.otf */ = {isa = PBXFileReference; lastKnownFileType = file; path = "Colfax-BlackItalic.otf"; sourceTree = "<group>"; };
		2F079A4B1DBCE82D00F49CE3 /* Colfax-Bold.otf */ = {isa = PBXFileReference; lastKnownFileType = file; path = "Colfax-Bold.otf"; sourceTree = "<group>"; };
		2F079A4C1DBCE82D00F49CE3 /* Colfax-BoldItalic.otf */ = {isa = PBXFileReference; lastKnownFileType = file; path = "Colfax-BoldItalic.otf"; sourceTree = "<group>"; };
		2F079A4D1DBCE82D00F49CE3 /* Colfax-Light.otf */ = {isa = PBXFileReference; lastKnownFileType = file; path = "Colfax-Light.otf"; sourceTree = "<group>"; };
		2F079A4E1DBCE82D00F49CE3 /* Colfax-LightItalic.otf */ = {isa = PBXFileReference; lastKnownFileType = file; path = "Colfax-LightItalic.otf"; sourceTree = "<group>"; };
		2F079A4F1DBCE82D00F49CE3 /* Colfax-Medium.otf */ = {isa = PBXFileReference; lastKnownFileType = file; path = "Colfax-Medium.otf"; sourceTree = "<group>"; };
		2F079A501DBCE82D00F49CE3 /* Colfax-MediumItalic.otf */ = {isa = PBXFileReference; lastKnownFileType = file; path = "Colfax-MediumItalic.otf"; sourceTree = "<group>"; };
		2F079A511DBCE82D00F49CE3 /* Colfax-Regular.otf */ = {isa = PBXFileReference; lastKnownFileType = file; path = "Colfax-Regular.otf"; sourceTree = "<group>"; };
		2F079A521DBCE82D00F49CE3 /* Colfax-RegularItalic.otf */ = {isa = PBXFileReference; lastKnownFileType = file; path = "Colfax-RegularItalic.otf"; sourceTree = "<group>"; };
		2F079A531DBCE82D00F49CE3 /* Colfax-Thin.otf */ = {isa = PBXFileReference; lastKnownFileType = file; path = "Colfax-Thin.otf"; sourceTree = "<group>"; };
		2F079A541DBCE82D00F49CE3 /* Colfax-ThinItalic.otf */ = {isa = PBXFileReference; lastKnownFileType = file; path = "Colfax-ThinItalic.otf"; sourceTree = "<group>"; };
		2F079A621DBCF10D00F49CE3 /* PulleyPassthroughScrollView.swift */ = {isa = PBXFileReference; fileEncoding = 4; lastKnownFileType = sourcecode.swift; path = PulleyPassthroughScrollView.swift; sourceTree = "<group>"; };
		2F079A631DBCF10D00F49CE3 /* PulleyViewController.swift */ = {isa = PBXFileReference; fileEncoding = 4; lastKnownFileType = sourcecode.swift; path = PulleyViewController.swift; sourceTree = "<group>"; };
		2F3676081D986D10002A5B4A /* MenuViewController.swift */ = {isa = PBXFileReference; fileEncoding = 4; lastKnownFileType = sourcecode.swift; path = MenuViewController.swift; sourceTree = "<group>"; };
		2F8B465A1DC9625E00A6A0C0 /* KCTError.swift */ = {isa = PBXFileReference; fileEncoding = 4; lastKnownFileType = sourcecode.swift; path = KCTError.swift; sourceTree = "<group>"; };
		2F8B465B1DC9625E00A6A0C0 /* Remote.swift */ = {isa = PBXFileReference; fileEncoding = 4; lastKnownFileType = sourcecode.swift; path = Remote.swift; sourceTree = "<group>"; };
		2F8B465F1DC96CAF00A6A0C0 /* HeaderTableViewCell.swift */ = {isa = PBXFileReference; fileEncoding = 4; lastKnownFileType = sourcecode.swift; path = HeaderTableViewCell.swift; sourceTree = "<group>"; };
		2F8B46601DC96CAF00A6A0C0 /* VideoTableViewCell.swift */ = {isa = PBXFileReference; fileEncoding = 4; lastKnownFileType = sourcecode.swift; path = VideoTableViewCell.swift; sourceTree = "<group>"; };
		2F8B46641DC96D1D00A6A0C0 /* Entities.swift */ = {isa = PBXFileReference; fileEncoding = 4; lastKnownFileType = sourcecode.swift; path = Entities.swift; sourceTree = "<group>"; };
		2F8B466A1DC96FCA00A6A0C0 /* kllectTests.xctest */ = {isa = PBXFileReference; explicitFileType = wrapper.cfbundle; includeInIndex = 0; path = kllectTests.xctest; sourceTree = BUILT_PRODUCTS_DIR; };
		2F8B466E1DC96FCA00A6A0C0 /* Info.plist */ = {isa = PBXFileReference; lastKnownFileType = text.plist.xml; path = Info.plist; sourceTree = "<group>"; };
		2F8B46741DC9709C00A6A0C0 /* GetTagsTests.swift */ = {isa = PBXFileReference; fileEncoding = 4; lastKnownFileType = sourcecode.swift; path = GetTagsTests.swift; sourceTree = "<group>"; };
		2F8B46771DC9739900A6A0C0 /* getTagsValid.json */ = {isa = PBXFileReference; fileEncoding = 4; lastKnownFileType = text.json; path = getTagsValid.json; sourceTree = "<group>"; };
		2F8B46791DC9786700A6A0C0 /* getTagsValidEmpty.json */ = {isa = PBXFileReference; fileEncoding = 4; lastKnownFileType = text.json; path = getTagsValidEmpty.json; sourceTree = "<group>"; };
		2F8B467B1DC97A2D00A6A0C0 /* getTagsNotJSON.html */ = {isa = PBXFileReference; fileEncoding = 4; lastKnownFileType = text.html; path = getTagsNotJSON.html; sourceTree = "<group>"; };
		2F8B467D1DC9900900A6A0C0 /* GetPageTests.swift */ = {isa = PBXFileReference; fileEncoding = 4; lastKnownFileType = sourcecode.swift; path = GetPageTests.swift; sourceTree = "<group>"; };
		2F8B467F1DC9912200A6A0C0 /* getPageNotJSON.html */ = {isa = PBXFileReference; fileEncoding = 4; lastKnownFileType = text.html; path = getPageNotJSON.html; sourceTree = "<group>"; };
		2F8B46801DC9912200A6A0C0 /* getPageValid.json */ = {isa = PBXFileReference; fileEncoding = 4; lastKnownFileType = text.json; path = getPageValid.json; sourceTree = "<group>"; };
		2F8B46811DC9912200A6A0C0 /* getPageValidEmpty.json */ = {isa = PBXFileReference; fileEncoding = 4; lastKnownFileType = text.json; path = getPageValidEmpty.json; sourceTree = "<group>"; };
		2F8C0E421D7FB6F4006D000F /* WebKit.framework */ = {isa = PBXFileReference; lastKnownFileType = wrapper.framework; name = WebKit.framework; path = System/Library/Frameworks/WebKit.framework; sourceTree = SDKROOT; };
		2FC0825A1DC4195400E70585 /* LoginViewController.swift */ = {isa = PBXFileReference; fileEncoding = 4; lastKnownFileType = sourcecode.swift; path = LoginViewController.swift; sourceTree = "<group>"; };
		2FC0825C1DC420C900E70585 /* InterestsViewController.swift */ = {isa = PBXFileReference; fileEncoding = 4; lastKnownFileType = sourcecode.swift; path = InterestsViewController.swift; sourceTree = "<group>"; };
		2FC0825E1DC420D200E70585 /* LoadingViewController.swift */ = {isa = PBXFileReference; fileEncoding = 4; lastKnownFileType = sourcecode.swift; path = LoadingViewController.swift; sourceTree = "<group>"; };
		2FC4D4FB1DA1A90F00EF5CDD /* VideoPageViewController.swift */ = {isa = PBXFileReference; fileEncoding = 4; lastKnownFileType = sourcecode.swift; path = VideoPageViewController.swift; sourceTree = "<group>"; };
		2FE12CC91D69405C00990A1D /* VideoTableViewController.swift */ = {isa = PBXFileReference; fileEncoding = 4; lastKnownFileType = sourcecode.swift; path = VideoTableViewController.swift; sourceTree = "<group>"; };
		2FF4F0C21DAF114E00E9832F /* Extensions.swift */ = {isa = PBXFileReference; fileEncoding = 4; lastKnownFileType = sourcecode.swift; path = Extensions.swift; sourceTree = "<group>"; };
		2FF4F0C41DB19EC400E9832F /* CategoryOverlayView.swift */ = {isa = PBXFileReference; fileEncoding = 4; lastKnownFileType = sourcecode.swift; path = CategoryOverlayView.swift; sourceTree = "<group>"; };
		3C8EC92A27030C16604AA162 /* Pods_kllectTests.framework */ = {isa = PBXFileReference; explicitFileType = wrapper.framework; includeInIndex = 0; path = Pods_kllectTests.framework; sourceTree = BUILT_PRODUCTS_DIR; };
		5426D20B1CFF5E1C0043CEB9 /* defaultback.png */ = {isa = PBXFileReference; lastKnownFileType = image.png; name = defaultback.png; path = Resource/defaultback.png; sourceTree = "<group>"; };
		9859ED54FBE76C1803AE2653 /* Pods-kllect.debug.xcconfig */ = {isa = PBXFileReference; includeInIndex = 1; lastKnownFileType = text.xcconfig; name = "Pods-kllect.debug.xcconfig"; path = "Pods/Target Support Files/Pods-kllect/Pods-kllect.debug.xcconfig"; sourceTree = "<group>"; };
		9A60208FEC432100BA1DF471 /* Pods-kllectTests.debug.xcconfig */ = {isa = PBXFileReference; includeInIndex = 1; lastKnownFileType = text.xcconfig; name = "Pods-kllectTests.debug.xcconfig"; path = "Pods/Target Support Files/Pods-kllectTests/Pods-kllectTests.debug.xcconfig"; sourceTree = "<group>"; };
		A50B9949E1C5CB5F14743D2B /* Pods-kllectUITests.release.xcconfig */ = {isa = PBXFileReference; includeInIndex = 1; lastKnownFileType = text.xcconfig; name = "Pods-kllectUITests.release.xcconfig"; path = "Pods/Target Support Files/Pods-kllectUITests/Pods-kllectUITests.release.xcconfig"; sourceTree = "<group>"; };
		ABCC19CD7DDBB4D847577521 /* Pods_kllectUITests.framework */ = {isa = PBXFileReference; explicitFileType = wrapper.framework; includeInIndex = 0; path = Pods_kllectUITests.framework; sourceTree = BUILT_PRODUCTS_DIR; };
		CB36E7A03C42AF5115188843 /* Pods_kllect.framework */ = {isa = PBXFileReference; explicitFileType = wrapper.framework; includeInIndex = 0; path = Pods_kllect.framework; sourceTree = BUILT_PRODUCTS_DIR; };
		E6E8318E1CF3519300AA5249 /* kllect.app */ = {isa = PBXFileReference; explicitFileType = wrapper.application; includeInIndex = 0; path = kllect.app; sourceTree = BUILT_PRODUCTS_DIR; };
		E6E831961CF3519300AA5249 /* Base */ = {isa = PBXFileReference; lastKnownFileType = file.storyboard; name = Base; path = Base.lproj/Main.storyboard; sourceTree = "<group>"; };
		E6E831981CF3519300AA5249 /* Assets.xcassets */ = {isa = PBXFileReference; lastKnownFileType = folder.assetcatalog; path = Assets.xcassets; sourceTree = "<group>"; };
		E6E8319B1CF3519300AA5249 /* Base */ = {isa = PBXFileReference; lastKnownFileType = file.storyboard; name = Base; path = Base.lproj/LaunchScreen.storyboard; sourceTree = "<group>"; };
		E6E8319D1CF3519300AA5249 /* Info.plist */ = {isa = PBXFileReference; lastKnownFileType = text.plist.xml; path = Info.plist; sourceTree = "<group>"; };
		E6E831E61CF352AF00AA5249 /* AppDelegate.swift */ = {isa = PBXFileReference; fileEncoding = 4; lastKnownFileType = sourcecode.swift; path = AppDelegate.swift; sourceTree = "<group>"; };
		E6E831FD1CF3580A00AA5249 /* kllect-Bridging-Header.h */ = {isa = PBXFileReference; lastKnownFileType = sourcecode.c.h; path = "kllect-Bridging-Header.h"; sourceTree = SOURCE_ROOT; };
		E6E831FF1CF35AB000AA5249 /* NSString+SHYouTubeHelper.h */ = {isa = PBXFileReference; fileEncoding = 4; lastKnownFileType = sourcecode.c.h; path = "NSString+SHYouTubeHelper.h"; sourceTree = "<group>"; };
		E6E832001CF35AB000AA5249 /* NSString+SHYouTubeHelper.m */ = {isa = PBXFileReference; fileEncoding = 4; lastKnownFileType = sourcecode.c.objc; path = "NSString+SHYouTubeHelper.m"; sourceTree = "<group>"; };
		E6E832011CF35AB000AA5249 /* NSURLRequest+SHYouTubeHelper.h */ = {isa = PBXFileReference; fileEncoding = 4; lastKnownFileType = sourcecode.c.h; path = "NSURLRequest+SHYouTubeHelper.h"; sourceTree = "<group>"; };
		E6E832021CF35AB000AA5249 /* NSURLRequest+SHYouTubeHelper.m */ = {isa = PBXFileReference; fileEncoding = 4; lastKnownFileType = sourcecode.c.objc; path = "NSURLRequest+SHYouTubeHelper.m"; sourceTree = "<group>"; };
		E6E832041CF35AB000AA5249 /* SHYouTube.h */ = {isa = PBXFileReference; fileEncoding = 4; lastKnownFileType = sourcecode.c.h; path = SHYouTube.h; sourceTree = "<group>"; };
		E6E832051CF35AB000AA5249 /* SHYouTube.m */ = {isa = PBXFileReference; fileEncoding = 4; lastKnownFileType = sourcecode.c.objc; path = SHYouTube.m; sourceTree = "<group>"; };
		E6E832061CF35AB000AA5249 /* SHYouTubeService.h */ = {isa = PBXFileReference; fileEncoding = 4; lastKnownFileType = sourcecode.c.h; path = SHYouTubeService.h; sourceTree = "<group>"; };
		E6E832071CF35AB000AA5249 /* SHYouTubeService.m */ = {isa = PBXFileReference; fileEncoding = 4; lastKnownFileType = sourcecode.c.objc; path = SHYouTubeService.m; sourceTree = "<group>"; };
		E6E8320C1CF35AF300AA5249 /* UIKit.framework */ = {isa = PBXFileReference; lastKnownFileType = wrapper.framework; name = UIKit.framework; path = System/Library/Frameworks/UIKit.framework; sourceTree = SDKROOT; };
		E6E8320E1CF35AF800AA5249 /* Foundation.framework */ = {isa = PBXFileReference; lastKnownFileType = wrapper.framework; name = Foundation.framework; path = System/Library/Frameworks/Foundation.framework; sourceTree = SDKROOT; };
		E6E832101CF35EE400AA5249 /* MediaPlayer.framework */ = {isa = PBXFileReference; lastKnownFileType = wrapper.framework; name = MediaPlayer.framework; path = System/Library/Frameworks/MediaPlayer.framework; sourceTree = SDKROOT; };
		F2B3A1F9C2ADEA51BCED80CA /* Pods.framework */ = {isa = PBXFileReference; explicitFileType = wrapper.framework; includeInIndex = 0; path = Pods.framework; sourceTree = BUILT_PRODUCTS_DIR; };
/* End PBXFileReference section */

/* Begin PBXFrameworksBuildPhase section */
		2F8B46671DC96FCA00A6A0C0 /* Frameworks */ = {
			isa = PBXFrameworksBuildPhase;
			buildActionMask = 2147483647;
			files = (
				85594D77B3C94B40D9FA78A8 /* Pods_kllectTests.framework in Frameworks */,
			);
			runOnlyForDeploymentPostprocessing = 0;
		};
		E6E8318B1CF3519300AA5249 /* Frameworks */ = {
			isa = PBXFrameworksBuildPhase;
			buildActionMask = 2147483647;
			files = (
				2F8C0E431D7FB6F4006D000F /* WebKit.framework in Frameworks */,
				E6E8320F1CF35AF800AA5249 /* Foundation.framework in Frameworks */,
				E6E8320D1CF35AF300AA5249 /* UIKit.framework in Frameworks */,
				C7497EC17DDC02D0C17F31AC /* Pods_kllect.framework in Frameworks */,
			);
			runOnlyForDeploymentPostprocessing = 0;
		};
/* End PBXFrameworksBuildPhase section */

/* Begin PBXGroup section */
		2F079A481DBCE82D00F49CE3 /* Fonts */ = {
			isa = PBXGroup;
			children = (
				2F079A491DBCE82D00F49CE3 /* Colfax-Black.otf */,
				2F079A4A1DBCE82D00F49CE3 /* Colfax-BlackItalic.otf */,
				2F079A4B1DBCE82D00F49CE3 /* Colfax-Bold.otf */,
				2F079A4C1DBCE82D00F49CE3 /* Colfax-BoldItalic.otf */,
				2F079A4D1DBCE82D00F49CE3 /* Colfax-Light.otf */,
				2F079A4E1DBCE82D00F49CE3 /* Colfax-LightItalic.otf */,
				2F079A4F1DBCE82D00F49CE3 /* Colfax-Medium.otf */,
				2F079A501DBCE82D00F49CE3 /* Colfax-MediumItalic.otf */,
				2F079A511DBCE82D00F49CE3 /* Colfax-Regular.otf */,
				2F079A521DBCE82D00F49CE3 /* Colfax-RegularItalic.otf */,
				2F079A531DBCE82D00F49CE3 /* Colfax-Thin.otf */,
				2F079A541DBCE82D00F49CE3 /* Colfax-ThinItalic.otf */,
			);
			name = Fonts;
			path = Resource/Fonts;
			sourceTree = "<group>";
		};
		2F079A611DBCF10D00F49CE3 /* Pulley */ = {
			isa = PBXGroup;
			children = (
				2F079A621DBCF10D00F49CE3 /* PulleyPassthroughScrollView.swift */,
				2F079A631DBCF10D00F49CE3 /* PulleyViewController.swift */,
			);
			path = Pulley;
			sourceTree = "<group>";
		};
		2F8B46591DC9625E00A6A0C0 /* Networking */ = {
			isa = PBXGroup;
			children = (
				2F8B465A1DC9625E00A6A0C0 /* KCTError.swift */,
				2F8B465B1DC9625E00A6A0C0 /* Remote.swift */,
			);
			path = Networking;
			sourceTree = "<group>";
		};
		2F8B465E1DC96C7200A6A0C0 /* Cells */ = {
			isa = PBXGroup;
			children = (
				2F8B465F1DC96CAF00A6A0C0 /* HeaderTableViewCell.swift */,
				2F8B46601DC96CAF00A6A0C0 /* VideoTableViewCell.swift */,
			);
			path = Cells;
			sourceTree = "<group>";
		};
		2F8B46631DC96D1D00A6A0C0 /* Model */ = {
			isa = PBXGroup;
			children = (
				2F8B46641DC96D1D00A6A0C0 /* Entities.swift */,
			);
			path = Model;
			sourceTree = "<group>";
		};
		2F8B466B1DC96FCA00A6A0C0 /* kllectTests */ = {
			isa = PBXGroup;
			children = (
				2F8B46761DC9738000A6A0C0 /* Data */,
				2F8B466E1DC96FCA00A6A0C0 /* Info.plist */,
				2F8B46741DC9709C00A6A0C0 /* GetTagsTests.swift */,
				2F8B467D1DC9900900A6A0C0 /* GetPageTests.swift */,
			);
			path = kllectTests;
			sourceTree = "<group>";
		};
		2F8B46761DC9738000A6A0C0 /* Data */ = {
			isa = PBXGroup;
			children = (
				2F8B467F1DC9912200A6A0C0 /* getPageNotJSON.html */,
				2F8B46801DC9912200A6A0C0 /* getPageValid.json */,
				2F8B46811DC9912200A6A0C0 /* getPageValidEmpty.json */,
				2F8B467B1DC97A2D00A6A0C0 /* getTagsNotJSON.html */,
				2F8B46791DC9786700A6A0C0 /* getTagsValidEmpty.json */,
				2F8B46771DC9739900A6A0C0 /* getTagsValid.json */,
			);
			path = Data;
			sourceTree = "<group>";
		};
		4D0D16D2B036868E089DC422 /* Frameworks */ = {
			isa = PBXGroup;
			children = (
				2F8C0E421D7FB6F4006D000F /* WebKit.framework */,
				F2B3A1F9C2ADEA51BCED80CA /* Pods.framework */,
				CB36E7A03C42AF5115188843 /* Pods_kllect.framework */,
				ABCC19CD7DDBB4D847577521 /* Pods_kllectUITests.framework */,
				3C8EC92A27030C16604AA162 /* Pods_kllectTests.framework */,
			);
			name = Frameworks;
			sourceTree = "<group>";
		};
		5426D20A1CFF5DFF0043CEB9 /* Resource */ = {
			isa = PBXGroup;
			children = (
				2F079A481DBCE82D00F49CE3 /* Fonts */,
				5426D20B1CFF5E1C0043CEB9 /* defaultback.png */,
			);
			name = Resource;
			sourceTree = "<group>";
		};
		E6E831851CF3519300AA5249 = {
			isa = PBXGroup;
			children = (
				E6E832101CF35EE400AA5249 /* MediaPlayer.framework */,
				E6E8320E1CF35AF800AA5249 /* Foundation.framework */,
				E6E8320C1CF35AF300AA5249 /* UIKit.framework */,
				E6E831901CF3519300AA5249 /* kllect */,
				2F8B466B1DC96FCA00A6A0C0 /* kllectTests */,
				E6E8318F1CF3519300AA5249 /* Products */,
				4D0D16D2B036868E089DC422 /* Frameworks */,
				FD21634A5500B08287436939 /* Pods */,
			);
			sourceTree = "<group>";
		};
		E6E8318F1CF3519300AA5249 /* Products */ = {
			isa = PBXGroup;
			children = (
				E6E8318E1CF3519300AA5249 /* kllect.app */,
				2F8B466A1DC96FCA00A6A0C0 /* kllectTests.xctest */,
			);
			name = Products;
			sourceTree = "<group>";
		};
		E6E831901CF3519300AA5249 /* kllect */ = {
			isa = PBXGroup;
			children = (
				5426D20A1CFF5DFF0043CEB9 /* Resource */,
				E6E831CB1CF3528300AA5249 /* Class */,
				E6E831951CF3519300AA5249 /* Main.storyboard */,
				E6E831981CF3519300AA5249 /* Assets.xcassets */,
				E6E8319A1CF3519300AA5249 /* LaunchScreen.storyboard */,
				E6E8319D1CF3519300AA5249 /* Info.plist */,
				E6E831FD1CF3580A00AA5249 /* kllect-Bridging-Header.h */,
			);
			path = kllect;
			sourceTree = "<group>";
		};
		E6E831CB1CF3528300AA5249 /* Class */ = {
			isa = PBXGroup;
			children = (
				E6E831E61CF352AF00AA5249 /* AppDelegate.swift */,
				2F8B46631DC96D1D00A6A0C0 /* Model */,
				2F8B465E1DC96C7200A6A0C0 /* Cells */,
				E6E831DA1CF3528300AA5249 /* VC */,
				2F8B46591DC9625E00A6A0C0 /* Networking */,
				E6E831CC1CF3528300AA5249 /* Lib */,
			);
			path = Class;
			sourceTree = "<group>";
		};
		E6E831CC1CF3528300AA5249 /* Lib */ = {
			isa = PBXGroup;
			children = (
				2F079A611DBCF10D00F49CE3 /* Pulley */,
				E6E831CF1CF3528300AA5249 /* YoutubeParser */,
			);
			path = Lib;
			sourceTree = "<group>";
		};
		E6E831CF1CF3528300AA5249 /* YoutubeParser */ = {
			isa = PBXGroup;
			children = (
				E6E831FE1CF35AB000AA5249 /* Category */,
				E6E832031CF35AB000AA5249 /* Class */,
			);
			path = YoutubeParser;
			sourceTree = "<group>";
		};
		E6E831DA1CF3528300AA5249 /* VC */ = {
			isa = PBXGroup;
			children = (
				2FE12CC91D69405C00990A1D /* VideoTableViewController.swift */,
				2F3676081D986D10002A5B4A /* MenuViewController.swift */,
				2FC4D4FB1DA1A90F00EF5CDD /* VideoPageViewController.swift */,
				2FF4F0C21DAF114E00E9832F /* Extensions.swift */,
				2FF4F0C41DB19EC400E9832F /* CategoryOverlayView.swift */,
				2FC0825A1DC4195400E70585 /* LoginViewController.swift */,
				2FC0825C1DC420C900E70585 /* InterestsViewController.swift */,
				2FC0825E1DC420D200E70585 /* LoadingViewController.swift */,
			);
			path = VC;
			sourceTree = "<group>";
		};
		E6E831FE1CF35AB000AA5249 /* Category */ = {
			isa = PBXGroup;
			children = (
				E6E831FF1CF35AB000AA5249 /* NSString+SHYouTubeHelper.h */,
				E6E832001CF35AB000AA5249 /* NSString+SHYouTubeHelper.m */,
				E6E832011CF35AB000AA5249 /* NSURLRequest+SHYouTubeHelper.h */,
				E6E832021CF35AB000AA5249 /* NSURLRequest+SHYouTubeHelper.m */,
			);
			path = Category;
			sourceTree = "<group>";
		};
		E6E832031CF35AB000AA5249 /* Class */ = {
			isa = PBXGroup;
			children = (
				E6E832041CF35AB000AA5249 /* SHYouTube.h */,
				E6E832051CF35AB000AA5249 /* SHYouTube.m */,
				E6E832061CF35AB000AA5249 /* SHYouTubeService.h */,
				E6E832071CF35AB000AA5249 /* SHYouTubeService.m */,
			);
			path = Class;
			sourceTree = "<group>";
		};
		FD21634A5500B08287436939 /* Pods */ = {
			isa = PBXGroup;
			children = (
				9859ED54FBE76C1803AE2653 /* Pods-kllect.debug.xcconfig */,
				1D849198C808C4AA129FC87D /* Pods-kllect.release.xcconfig */,
				0F00A9B4A283337DF04F56A6 /* Pods-kllectUITests.debug.xcconfig */,
				A50B9949E1C5CB5F14743D2B /* Pods-kllectUITests.release.xcconfig */,
				9A60208FEC432100BA1DF471 /* Pods-kllectTests.debug.xcconfig */,
				299859D8F0F10E931780B1D2 /* Pods-kllectTests.release.xcconfig */,
			);
			name = Pods;
			sourceTree = "<group>";
		};
/* End PBXGroup section */

/* Begin PBXNativeTarget section */
		2F8B46691DC96FCA00A6A0C0 /* kllectTests */ = {
			isa = PBXNativeTarget;
			buildConfigurationList = 2F8B46711DC96FCA00A6A0C0 /* Build configuration list for PBXNativeTarget "kllectTests" */;
			buildPhases = (
				14968B9520758165E76AC322 /* [CP] Check Pods Manifest.lock */,
				2F8B46661DC96FCA00A6A0C0 /* Sources */,
				2F8B46671DC96FCA00A6A0C0 /* Frameworks */,
				2F8B46681DC96FCA00A6A0C0 /* Resources */,
				4C050511282C03F974769C02 /* [CP] Embed Pods Frameworks */,
				87C6ABC6AD92BBCC6B66972E /* [CP] Copy Pods Resources */,
			);
			buildRules = (
			);
			dependencies = (
				2F8B46701DC96FCA00A6A0C0 /* PBXTargetDependency */,
			);
			name = kllectTests;
			productName = kllectTests;
			productReference = 2F8B466A1DC96FCA00A6A0C0 /* kllectTests.xctest */;
			productType = "com.apple.product-type.bundle.unit-test";
		};
		E6E8318D1CF3519300AA5249 /* kllect */ = {
			isa = PBXNativeTarget;
			buildConfigurationList = E6E831AB1CF3519300AA5249 /* Build configuration list for PBXNativeTarget "kllect" */;
			buildPhases = (
				004C89174519127AFD900C7A /* [CP] Check Pods Manifest.lock */,
				E6E8318A1CF3519300AA5249 /* Sources */,
				E6E8318B1CF3519300AA5249 /* Frameworks */,
				E6E8318C1CF3519300AA5249 /* Resources */,
				2F9326991D99F1A700D89AA7 /* ShellScript */,
				0A3E7B8BA122CD84793F2C4A /* [CP] Embed Pods Frameworks */,
				F24B43D2FA3393CF038327C9 /* [CP] Copy Pods Resources */,
			);
			buildRules = (
			);
			dependencies = (
			);
			name = kllect;
			productName = kllect;
			productReference = E6E8318E1CF3519300AA5249 /* kllect.app */;
			productType = "com.apple.product-type.application";
		};
/* End PBXNativeTarget section */

/* Begin PBXProject section */
		E6E831861CF3519300AA5249 /* Project object */ = {
			isa = PBXProject;
			attributes = {
				LastSwiftUpdateCheck = 0800;
				LastUpgradeCheck = 0730;
				ORGANIZATIONNAME = "Kllect Inc.";
				TargetAttributes = {
					2F8B46691DC96FCA00A6A0C0 = {
						CreatedOnToolsVersion = 8.0;
						DevelopmentTeam = 3X668D8QNC;
						ProvisioningStyle = Automatic;
						TestTargetID = E6E8318D1CF3519300AA5249;
					};
					E6E8318D1CF3519300AA5249 = {
						CreatedOnToolsVersion = 7.3.1;
						DevelopmentTeam = 3X668D8QNC;
						DevelopmentTeamName = "Kllect Inc.";
						LastSwiftMigration = 0800;
						ProvisioningStyle = Automatic;
					};
				};
			};
			buildConfigurationList = E6E831891CF3519300AA5249 /* Build configuration list for PBXProject "kllect" */;
			compatibilityVersion = "Xcode 3.2";
			developmentRegion = English;
			hasScannedForEncodings = 0;
			knownRegions = (
				en,
				Base,
			);
			mainGroup = E6E831851CF3519300AA5249;
			productRefGroup = E6E8318F1CF3519300AA5249 /* Products */;
			projectDirPath = "";
			projectRoot = "";
			targets = (
				E6E8318D1CF3519300AA5249 /* kllect */,
				2F8B46691DC96FCA00A6A0C0 /* kllectTests */,
			);
		};
/* End PBXProject section */

/* Begin PBXResourcesBuildPhase section */
		2F8B46681DC96FCA00A6A0C0 /* Resources */ = {
			isa = PBXResourcesBuildPhase;
			buildActionMask = 2147483647;
			files = (
				2F8B467A1DC9786700A6A0C0 /* getTagsValidEmpty.json in Resources */,
				2F8B467C1DC97A2D00A6A0C0 /* getTagsNotJSON.html in Resources */,
				2F8B46841DC9912200A6A0C0 /* getPageValidEmpty.json in Resources */,
				2F8B46831DC9912200A6A0C0 /* getPageValid.json in Resources */,
				2F8B46821DC9912200A6A0C0 /* getPageNotJSON.html in Resources */,
				2F8B46781DC9739900A6A0C0 /* getTagsValid.json in Resources */,
			);
			runOnlyForDeploymentPostprocessing = 0;
		};
		E6E8318C1CF3519300AA5249 /* Resources */ = {
			isa = PBXResourcesBuildPhase;
			buildActionMask = 2147483647;
			files = (
				5426D20C1CFF5E1C0043CEB9 /* defaultback.png in Resources */,
				2F079A571DBCE82D00F49CE3 /* Colfax-Bold.otf in Resources */,
				E6E8319C1CF3519300AA5249 /* LaunchScreen.storyboard in Resources */,
				2F079A5F1DBCE82D00F49CE3 /* Colfax-Thin.otf in Resources */,
				2F079A601DBCE82D00F49CE3 /* Colfax-ThinItalic.otf in Resources */,
				E6E831991CF3519300AA5249 /* Assets.xcassets in Resources */,
				2F079A5C1DBCE82D00F49CE3 /* Colfax-MediumItalic.otf in Resources */,
				2F079A581DBCE82D00F49CE3 /* Colfax-BoldItalic.otf in Resources */,
				2F079A591DBCE82D00F49CE3 /* Colfax-Light.otf in Resources */,
				2F079A5B1DBCE82D00F49CE3 /* Colfax-Medium.otf in Resources */,
				2F079A5E1DBCE82D00F49CE3 /* Colfax-RegularItalic.otf in Resources */,
				2F079A561DBCE82D00F49CE3 /* Colfax-BlackItalic.otf in Resources */,
				2F079A551DBCE82D00F49CE3 /* Colfax-Black.otf in Resources */,
				2F079A5A1DBCE82D00F49CE3 /* Colfax-LightItalic.otf in Resources */,
				E6E831971CF3519300AA5249 /* Main.storyboard in Resources */,
				2F079A5D1DBCE82D00F49CE3 /* Colfax-Regular.otf in Resources */,
			);
			runOnlyForDeploymentPostprocessing = 0;
		};
/* End PBXResourcesBuildPhase section */

/* Begin PBXShellScriptBuildPhase section */
		004C89174519127AFD900C7A /* [CP] Check Pods Manifest.lock */ = {
			isa = PBXShellScriptBuildPhase;
			buildActionMask = 2147483647;
			files = (
			);
			inputPaths = (
			);
			name = "[CP] Check Pods Manifest.lock";
			outputPaths = (
			);
			runOnlyForDeploymentPostprocessing = 0;
			shellPath = /bin/sh;
			shellScript = "diff \"${PODS_ROOT}/../Podfile.lock\" \"${PODS_ROOT}/Manifest.lock\" > /dev/null\nif [ $? != 0 ] ; then\n    # print error to STDERR\n    echo \"error: The sandbox is not in sync with the Podfile.lock. Run 'pod install' or update your CocoaPods installation.\" >&2\n    exit 1\nfi\n";
			showEnvVarsInLog = 0;
		};
		0A3E7B8BA122CD84793F2C4A /* [CP] Embed Pods Frameworks */ = {
			isa = PBXShellScriptBuildPhase;
			buildActionMask = 2147483647;
			files = (
			);
			inputPaths = (
			);
			name = "[CP] Embed Pods Frameworks";
			outputPaths = (
			);
			runOnlyForDeploymentPostprocessing = 0;
			shellPath = /bin/sh;
			shellScript = "\"${SRCROOT}/Pods/Target Support Files/Pods-kllect/Pods-kllect-frameworks.sh\"\n";
			showEnvVarsInLog = 0;
		};
		14968B9520758165E76AC322 /* [CP] Check Pods Manifest.lock */ = {
			isa = PBXShellScriptBuildPhase;
			buildActionMask = 2147483647;
			files = (
			);
			inputPaths = (
			);
			name = "[CP] Check Pods Manifest.lock";
			outputPaths = (
			);
			runOnlyForDeploymentPostprocessing = 0;
			shellPath = /bin/sh;
			shellScript = "diff \"${PODS_ROOT}/../Podfile.lock\" \"${PODS_ROOT}/Manifest.lock\" > /dev/null\nif [ $? != 0 ] ; then\n    # print error to STDERR\n    echo \"error: The sandbox is not in sync with the Podfile.lock. Run 'pod install' or update your CocoaPods installation.\" >&2\n    exit 1\nfi\n";
			showEnvVarsInLog = 0;
		};
		2F9326991D99F1A700D89AA7 /* ShellScript */ = {
			isa = PBXShellScriptBuildPhase;
			buildActionMask = 2147483647;
			files = (
			);
			inputPaths = (
			);
			outputPaths = (
			);
			runOnlyForDeploymentPostprocessing = 0;
			shellPath = /bin/sh;
			shellScript = "${PODS_ROOT}/Fabric/run d885192ee64692e1382a243d34f9949a3d9252e1 49dbf2136e4ea073388b6c9a1041ad1b7a76a04c8af76acd65e3042d7dbf2818";
		};
		4C050511282C03F974769C02 /* [CP] Embed Pods Frameworks */ = {
			isa = PBXShellScriptBuildPhase;
			buildActionMask = 2147483647;
			files = (
			);
			inputPaths = (
			);
			name = "[CP] Embed Pods Frameworks";
			outputPaths = (
			);
			runOnlyForDeploymentPostprocessing = 0;
			shellPath = /bin/sh;
			shellScript = "\"${SRCROOT}/Pods/Target Support Files/Pods-kllectTests/Pods-kllectTests-frameworks.sh\"\n";
			showEnvVarsInLog = 0;
		};
		87C6ABC6AD92BBCC6B66972E /* [CP] Copy Pods Resources */ = {
			isa = PBXShellScriptBuildPhase;
			buildActionMask = 2147483647;
			files = (
			);
			inputPaths = (
			);
			name = "[CP] Copy Pods Resources";
			outputPaths = (
			);
			runOnlyForDeploymentPostprocessing = 0;
			shellPath = /bin/sh;
			shellScript = "\"${SRCROOT}/Pods/Target Support Files/Pods-kllectTests/Pods-kllectTests-resources.sh\"\n";
			showEnvVarsInLog = 0;
		};
		F24B43D2FA3393CF038327C9 /* [CP] Copy Pods Resources */ = {
			isa = PBXShellScriptBuildPhase;
			buildActionMask = 2147483647;
			files = (
			);
			inputPaths = (
			);
			name = "[CP] Copy Pods Resources";
			outputPaths = (
			);
			runOnlyForDeploymentPostprocessing = 0;
			shellPath = /bin/sh;
			shellScript = "\"${SRCROOT}/Pods/Target Support Files/Pods-kllect/Pods-kllect-resources.sh\"\n";
			showEnvVarsInLog = 0;
		};
/* End PBXShellScriptBuildPhase section */

/* Begin PBXSourcesBuildPhase section */
		2F8B46661DC96FCA00A6A0C0 /* Sources */ = {
			isa = PBXSourcesBuildPhase;
			buildActionMask = 2147483647;
			files = (
				2F8B46751DC9709C00A6A0C0 /* GetTagsTests.swift in Sources */,
				2F8B467E1DC9900900A6A0C0 /* GetPageTests.swift in Sources */,
			);
			runOnlyForDeploymentPostprocessing = 0;
		};
		E6E8318A1CF3519300AA5249 /* Sources */ = {
			isa = PBXSourcesBuildPhase;
			buildActionMask = 2147483647;
			files = (
				E6E832091CF35AB000AA5249 /* NSURLRequest+SHYouTubeHelper.m in Sources */,
				E6E832081CF35AB000AA5249 /* NSString+SHYouTubeHelper.m in Sources */,
				2F8B46611DC96CAF00A6A0C0 /* HeaderTableViewCell.swift in Sources */,
				2F8B465C1DC9625E00A6A0C0 /* KCTError.swift in Sources */,
				2F079A641DBCF10D00F49CE3 /* PulleyPassthroughScrollView.swift in Sources */,
				2F079A651DBCF10D00F49CE3 /* PulleyViewController.swift in Sources */,
				2F3676091D986D10002A5B4A /* MenuViewController.swift in Sources */,
				2FC0825F1DC420D200E70585 /* LoadingViewController.swift in Sources */,
				E6E831E71CF352AF00AA5249 /* AppDelegate.swift in Sources */,
				2F8B46621DC96CAF00A6A0C0 /* VideoTableViewCell.swift in Sources */,
				2F8B46651DC96D1D00A6A0C0 /* Entities.swift in Sources */,
				E6E8320A1CF35AB000AA5249 /* SHYouTube.m in Sources */,
				2FF4F0C51DB19EC400E9832F /* CategoryOverlayView.swift in Sources */,
				2F8B465D1DC9625E00A6A0C0 /* Remote.swift in Sources */,
				2FC4D4FC1DA1A90F00EF5CDD /* VideoPageViewController.swift in Sources */,
				2FC0825D1DC420C900E70585 /* InterestsViewController.swift in Sources */,
				2FF4F0C31DAF114E00E9832F /* Extensions.swift in Sources */,
				2FE12CCA1D69405C00990A1D /* VideoTableViewController.swift in Sources */,
				2FC0825B1DC4195400E70585 /* LoginViewController.swift in Sources */,
				E6E8320B1CF35AB000AA5249 /* SHYouTubeService.m in Sources */,
			);
			runOnlyForDeploymentPostprocessing = 0;
		};
/* End PBXSourcesBuildPhase section */

/* Begin PBXTargetDependency section */
		2F8B46701DC96FCA00A6A0C0 /* PBXTargetDependency */ = {
			isa = PBXTargetDependency;
			target = E6E8318D1CF3519300AA5249 /* kllect */;
			targetProxy = 2F8B466F1DC96FCA00A6A0C0 /* PBXContainerItemProxy */;
		};
/* End PBXTargetDependency section */

/* Begin PBXVariantGroup section */
		E6E831951CF3519300AA5249 /* Main.storyboard */ = {
			isa = PBXVariantGroup;
			children = (
				E6E831961CF3519300AA5249 /* Base */,
			);
			name = Main.storyboard;
			sourceTree = "<group>";
		};
		E6E8319A1CF3519300AA5249 /* LaunchScreen.storyboard */ = {
			isa = PBXVariantGroup;
			children = (
				E6E8319B1CF3519300AA5249 /* Base */,
			);
			name = LaunchScreen.storyboard;
			sourceTree = "<group>";
		};
/* End PBXVariantGroup section */

/* Begin XCBuildConfiguration section */
		2F8B46721DC96FCA00A6A0C0 /* Debug */ = {
			isa = XCBuildConfiguration;
			baseConfigurationReference = 9A60208FEC432100BA1DF471 /* Pods-kllectTests.debug.xcconfig */;
			buildSettings = {
				BUNDLE_LOADER = "$(TEST_HOST)";
				CLANG_WARN_DOCUMENTATION_COMMENTS = YES;
				CLANG_WARN_INFINITE_RECURSION = YES;
				CLANG_WARN_SUSPICIOUS_MOVES = YES;
				DEVELOPMENT_TEAM = 3X668D8QNC;
				INFOPLIST_FILE = kllectTests/Info.plist;
				IPHONEOS_DEPLOYMENT_TARGET = 10.0;
				LD_RUNPATH_SEARCH_PATHS = "$(inherited) @executable_path/Frameworks @loader_path/Frameworks";
				PRODUCT_BUNDLE_IDENTIFIER = com.kllect.videoapp.kllectTests;
				PRODUCT_NAME = "$(TARGET_NAME)";
				SWIFT_ACTIVE_COMPILATION_CONDITIONS = DEBUG;
				SWIFT_VERSION = 3.0;
				TEST_HOST = "$(BUILT_PRODUCTS_DIR)/kllect.app/kllect";
			};
			name = Debug;
		};
		2F8B46731DC96FCA00A6A0C0 /* Release */ = {
			isa = XCBuildConfiguration;
			baseConfigurationReference = 299859D8F0F10E931780B1D2 /* Pods-kllectTests.release.xcconfig */;
			buildSettings = {
				BUNDLE_LOADER = "$(TEST_HOST)";
				CLANG_WARN_DOCUMENTATION_COMMENTS = YES;
				CLANG_WARN_INFINITE_RECURSION = YES;
				CLANG_WARN_SUSPICIOUS_MOVES = YES;
				DEVELOPMENT_TEAM = 3X668D8QNC;
				INFOPLIST_FILE = kllectTests/Info.plist;
				IPHONEOS_DEPLOYMENT_TARGET = 10.0;
				LD_RUNPATH_SEARCH_PATHS = "$(inherited) @executable_path/Frameworks @loader_path/Frameworks";
				PRODUCT_BUNDLE_IDENTIFIER = com.kllect.videoapp.kllectTests;
				PRODUCT_NAME = "$(TARGET_NAME)";
				SWIFT_OPTIMIZATION_LEVEL = "-Owholemodule";
				SWIFT_VERSION = 3.0;
				TEST_HOST = "$(BUILT_PRODUCTS_DIR)/kllect.app/kllect";
			};
			name = Release;
		};
		E6E831A91CF3519300AA5249 /* Debug */ = {
			isa = XCBuildConfiguration;
			buildSettings = {
				ALWAYS_SEARCH_USER_PATHS = NO;
				CLANG_ANALYZER_NONNULL = YES;
				CLANG_CXX_LANGUAGE_STANDARD = "gnu++0x";
				CLANG_CXX_LIBRARY = "libc++";
				CLANG_ENABLE_MODULES = YES;
				CLANG_ENABLE_OBJC_ARC = YES;
				CLANG_WARN_BOOL_CONVERSION = YES;
				CLANG_WARN_CONSTANT_CONVERSION = YES;
				CLANG_WARN_DIRECT_OBJC_ISA_USAGE = YES_ERROR;
				CLANG_WARN_EMPTY_BODY = YES;
				CLANG_WARN_ENUM_CONVERSION = YES;
				CLANG_WARN_INT_CONVERSION = YES;
				CLANG_WARN_OBJC_ROOT_CLASS = YES_ERROR;
				CLANG_WARN_UNREACHABLE_CODE = YES;
				CLANG_WARN__DUPLICATE_METHOD_MATCH = YES;
				"CODE_SIGN_IDENTITY[sdk=iphoneos*]" = "iPhone Developer";
				COPY_PHASE_STRIP = NO;
				DEBUG_INFORMATION_FORMAT = dwarf;
				ENABLE_STRICT_OBJC_MSGSEND = YES;
				ENABLE_TESTABILITY = YES;
				GCC_C_LANGUAGE_STANDARD = gnu99;
				GCC_DYNAMIC_NO_PIC = NO;
				GCC_NO_COMMON_BLOCKS = YES;
				GCC_OPTIMIZATION_LEVEL = 0;
				GCC_PREPROCESSOR_DEFINITIONS = (
					"DEBUG=1",
					"$(inherited)",
				);
				GCC_WARN_64_TO_32_BIT_CONVERSION = YES;
				GCC_WARN_ABOUT_RETURN_TYPE = YES_ERROR;
				GCC_WARN_UNDECLARED_SELECTOR = YES;
				GCC_WARN_UNINITIALIZED_AUTOS = YES_AGGRESSIVE;
				GCC_WARN_UNUSED_FUNCTION = YES;
				GCC_WARN_UNUSED_VARIABLE = YES;
				IPHONEOS_DEPLOYMENT_TARGET = 8.0;
				MTL_ENABLE_DEBUG_INFO = YES;
				ONLY_ACTIVE_ARCH = YES;
				SDKROOT = iphoneos;
				SWIFT_OBJC_BRIDGING_HEADER = "kllect-Bridging-Header.h";
				SWIFT_OPTIMIZATION_LEVEL = "-Onone";
			};
			name = Debug;
		};
		E6E831AA1CF3519300AA5249 /* Release */ = {
			isa = XCBuildConfiguration;
			buildSettings = {
				ALWAYS_SEARCH_USER_PATHS = NO;
				CLANG_ANALYZER_NONNULL = YES;
				CLANG_CXX_LANGUAGE_STANDARD = "gnu++0x";
				CLANG_CXX_LIBRARY = "libc++";
				CLANG_ENABLE_MODULES = YES;
				CLANG_ENABLE_OBJC_ARC = YES;
				CLANG_WARN_BOOL_CONVERSION = YES;
				CLANG_WARN_CONSTANT_CONVERSION = YES;
				CLANG_WARN_DIRECT_OBJC_ISA_USAGE = YES_ERROR;
				CLANG_WARN_EMPTY_BODY = YES;
				CLANG_WARN_ENUM_CONVERSION = YES;
				CLANG_WARN_INT_CONVERSION = YES;
				CLANG_WARN_OBJC_ROOT_CLASS = YES_ERROR;
				CLANG_WARN_UNREACHABLE_CODE = YES;
				CLANG_WARN__DUPLICATE_METHOD_MATCH = YES;
				"CODE_SIGN_IDENTITY[sdk=iphoneos*]" = "iPhone Developer";
				COPY_PHASE_STRIP = NO;
				DEBUG_INFORMATION_FORMAT = "dwarf-with-dsym";
				ENABLE_NS_ASSERTIONS = NO;
				ENABLE_STRICT_OBJC_MSGSEND = YES;
				GCC_C_LANGUAGE_STANDARD = gnu99;
				GCC_NO_COMMON_BLOCKS = YES;
				GCC_WARN_64_TO_32_BIT_CONVERSION = YES;
				GCC_WARN_ABOUT_RETURN_TYPE = YES_ERROR;
				GCC_WARN_UNDECLARED_SELECTOR = YES;
				GCC_WARN_UNINITIALIZED_AUTOS = YES_AGGRESSIVE;
				GCC_WARN_UNUSED_FUNCTION = YES;
				GCC_WARN_UNUSED_VARIABLE = YES;
				IPHONEOS_DEPLOYMENT_TARGET = 8.0;
				MTL_ENABLE_DEBUG_INFO = NO;
				SDKROOT = iphoneos;
				SWIFT_OBJC_BRIDGING_HEADER = "kllect-Bridging-Header.h";
				VALIDATE_PRODUCT = YES;
			};
			name = Release;
		};
		E6E831AC1CF3519300AA5249 /* Debug */ = {
			isa = XCBuildConfiguration;
			baseConfigurationReference = 9859ED54FBE76C1803AE2653 /* Pods-kllect.debug.xcconfig */;
			buildSettings = {
				ASSETCATALOG_COMPILER_APPICON_NAME = AppIcon;
				CODE_SIGN_IDENTITY = "iPhone Developer";
				"CODE_SIGN_IDENTITY[sdk=iphoneos*]" = "iPhone Developer";
				CURRENT_PROJECT_VERSION = 15;
				INFOPLIST_FILE = kllect/Info.plist;
				LD_RUNPATH_SEARCH_PATHS = "$(inherited) @executable_path/Frameworks";
				PRODUCT_BUNDLE_IDENTIFIER = com.kllect.videoapp;
				PRODUCT_NAME = "$(TARGET_NAME)";
				PROVISIONING_PROFILE = "";
				PROVISIONING_PROFILE_SPECIFIER = "";
				SWIFT_OBJC_BRIDGING_HEADER = "kllect-Bridging-Header.h";
				SWIFT_VERSION = 3.0;
				VERSIONING_SYSTEM = "apple-generic";
			};
			name = Debug;
		};
		E6E831AD1CF3519300AA5249 /* Release */ = {
			isa = XCBuildConfiguration;
			baseConfigurationReference = 1D849198C808C4AA129FC87D /* Pods-kllect.release.xcconfig */;
			buildSettings = {
				ASSETCATALOG_COMPILER_APPICON_NAME = AppIcon;
				CODE_SIGN_IDENTITY = "iPhone Developer";
				"CODE_SIGN_IDENTITY[sdk=iphoneos*]" = "iPhone Developer";
				CURRENT_PROJECT_VERSION = 15;
				INFOPLIST_FILE = kllect/Info.plist;
				LD_RUNPATH_SEARCH_PATHS = "$(inherited) @executable_path/Frameworks";
				PRODUCT_BUNDLE_IDENTIFIER = com.kllect.videoapp;
				PRODUCT_NAME = "$(TARGET_NAME)";
				PROVISIONING_PROFILE = "";
				PROVISIONING_PROFILE_SPECIFIER = "";
				SWIFT_OBJC_BRIDGING_HEADER = "kllect-Bridging-Header.h";
				SWIFT_VERSION = 3.0;
				VERSIONING_SYSTEM = "apple-generic";
			};
			name = Release;
		};
/* End XCBuildConfiguration section */

/* Begin XCConfigurationList section */
		2F8B46711DC96FCA00A6A0C0 /* Build configuration list for PBXNativeTarget "kllectTests" */ = {
			isa = XCConfigurationList;
			buildConfigurations = (
				2F8B46721DC96FCA00A6A0C0 /* Debug */,
				2F8B46731DC96FCA00A6A0C0 /* Release */,
			);
			defaultConfigurationIsVisible = 0;
			defaultConfigurationName = Release;
		};
		E6E831891CF3519300AA5249 /* Build configuration list for PBXProject "kllect" */ = {
			isa = XCConfigurationList;
			buildConfigurations = (
				E6E831A91CF3519300AA5249 /* Debug */,
				E6E831AA1CF3519300AA5249 /* Release */,
			);
			defaultConfigurationIsVisible = 0;
			defaultConfigurationName = Release;
		};
		E6E831AB1CF3519300AA5249 /* Build configuration list for PBXNativeTarget "kllect" */ = {
			isa = XCConfigurationList;
			buildConfigurations = (
				E6E831AC1CF3519300AA5249 /* Debug */,
				E6E831AD1CF3519300AA5249 /* Release */,
			);
			defaultConfigurationIsVisible = 0;
			defaultConfigurationName = Release;
		};
/* End XCConfigurationList section */
	};
	rootObject = E6E831861CF3519300AA5249 /* Project object */;
}
